
Microsoft Visual Studio Solution File, Format Version 12.00
# Visual Studio Version 17
VisualStudioVersion = 17.11.35222.181
MinimumVisualStudioVersion = 10.0.40219.1
Project("{FAE04EC0-301F-11D3-BF4B-00C04F79EFBC}") = "DigitalScratchie", "DigitalScratchie.csproj", "{642A4055-841D-45D0-B30F-27DAF0B88A77}"
EndProject
Global
	GlobalSection(SolutionConfigurationPlatforms) = preSolution
		Debug|Any CPU = Debug|Any CPU
		Release|Any CPU = Release|Any CPU
	EndGlobalSection
	GlobalSection(ProjectConfigurationPlatforms) = postSolution
		{642A4055-841D-45D0-B30F-27DAF0B88A77}.Debug|Any CPU.ActiveCfg = Debug|Any CPU
		{642A4055-841D-45D0-B30F-27DAF0B88A77}.Debug|Any CPU.Build.0 = Debug|Any CPU
		{642A4055-841D-45D0-B30F-27DAF0B88A77}.Release|Any CPU.ActiveCfg = Release|Any CPU
		{642A4055-841D-45D0-B30F-27DAF0B88A77}.Release|Any CPU.Build.0 = Release|Any CPU
	EndGlobalSection
	GlobalSection(SolutionProperties) = preSolution
		HideSolutionNode = FALSE
	EndGlobalSection
	GlobalSection(ExtensibilityGlobals) = postSolution
		SolutionGuid = {45DEEBA2-736C-40F4-AAF2-808CE1A52DBE}
	EndGlobalSection
EndGlobal
